// !$*UTF8*$!
{
	archiveVersion = 1;
	classes = {
	};
	objectVersion = 77;
	objects = {

/* Begin PBXBuildFile section */
		051E68D02DE09FA3002FB538 /* ContentView.swift in Sources */ = {isa = PBXBuildFile; fileRef = 051E68CC2DE09FA3002FB538 /* ContentView.swift */; };
		051E68D12DE09FA3002FB538 /* FarnsworthApp.swift in Sources */ = {isa = PBXBuildFile; fileRef = 051E68CD2DE09FA3002FB538 /* FarnsworthApp.swift */; };
		051E68D22DE09FA3002FB538 /* Item.swift in Sources */ = {isa = PBXBuildFile; fileRef = 051E68CE2DE09FA3002FB538 /* Item.swift */; };
		051E68D32DE09FA3002FB538 /* Assets.xcassets in Resources */ = {isa = PBXBuildFile; fileRef = 051E68CB2DE09FA3002FB538 /* Assets.xcassets */; };
		051E68D62DE09FA9002FB538 /* FarnsworthTests.swift in Sources */ = {isa = PBXBuildFile; fileRef = 051E68D42DE09FA9002FB538 /* FarnsworthTests.swift */; };
		051E68DA2DE09FAB002FB538 /* FarnsworthUITests.swift in Sources */ = {isa = PBXBuildFile; fileRef = 051E68D72DE09FAB002FB538 /* FarnsworthUITests.swift */; };
		051E68DB2DE09FAB002FB538 /* FarnsworthUITestsLaunchTests.swift in Sources */ = {isa = PBXBuildFile; fileRef = 051E68D82DE09FAB002FB538 /* FarnsworthUITestsLaunchTests.swift */; };
		051E68DD2DE0A169002FB538 /* ChatView.swift in Sources */ = {isa = PBXBuildFile; fileRef = 051E68DC2DE0A169002FB538 /* ChatView.swift */; };
		051E68EC2DE32086002FB538 /* MLXLLM in Frameworks */ = {isa = PBXBuildFile; productRef = 051E68EB2DE32086002FB538 /* MLXLLM */; };
		051E68F02DE32210002FB538 /* LLMEvaluator.swift in Sources */ = {isa = PBXBuildFile; fileRef = 051E68EF2DE32210002FB538 /* LLMEvaluator.swift */; };
/* End PBXBuildFile section */

/* Begin PBXContainerItemProxy section */
		051E68AF2DE09F97002FB538 /* PBXContainerItemProxy */ = {
			isa = PBXContainerItemProxy;
			containerPortal = 051E68972DE09F96002FB538 /* Project object */;
			proxyType = 1;
			remoteGlobalIDString = 051E689E2DE09F96002FB538;
			remoteInfo = Farnsworth;
		};
		051E68B92DE09F97002FB538 /* PBXContainerItemProxy */ = {
			isa = PBXContainerItemProxy;
			containerPortal = 051E68972DE09F96002FB538 /* Project object */;
			proxyType = 1;
			remoteGlobalIDString = 051E689E2DE09F96002FB538;
			remoteInfo = Farnsworth;
		};
/* End PBXContainerItemProxy section */

/* Begin PBXFileReference section */
		051E689F2DE09F96002FB538 /* Farnsworth.app */ = {isa = PBXFileReference; explicitFileType = wrapper.application; includeInIndex = 0; path = Farnsworth.app; sourceTree = BUILT_PRODUCTS_DIR; };
		051E68AE2DE09F97002FB538 /* FarnsworthTests.xctest */ = {isa = PBXFileReference; explicitFileType = wrapper.cfbundle; includeInIndex = 0; path = FarnsworthTests.xctest; sourceTree = BUILT_PRODUCTS_DIR; };
		051E68B82DE09F97002FB538 /* FarnsworthUITests.xctest */ = {isa = PBXFileReference; explicitFileType = wrapper.cfbundle; includeInIndex = 0; path = FarnsworthUITests.xctest; sourceTree = BUILT_PRODUCTS_DIR; };
		051E68CB2DE09FA3002FB538 /* Assets.xcassets */ = {isa = PBXFileReference; lastKnownFileType = folder.assetcatalog; path = Assets.xcassets; sourceTree = "<group>"; };
		051E68CC2DE09FA3002FB538 /* ContentView.swift */ = {isa = PBXFileReference; lastKnownFileType = sourcecode.swift; path = ContentView.swift; sourceTree = "<group>"; };
		051E68CD2DE09FA3002FB538 /* FarnsworthApp.swift */ = {isa = PBXFileReference; lastKnownFileType = sourcecode.swift; path = FarnsworthApp.swift; sourceTree = "<group>"; };
		051E68CE2DE09FA3002FB538 /* Item.swift */ = {isa = PBXFileReference; lastKnownFileType = sourcecode.swift; path = Item.swift; sourceTree = "<group>"; };
		051E68D42DE09FA9002FB538 /* FarnsworthTests.swift */ = {isa = PBXFileReference; lastKnownFileType = sourcecode.swift; path = FarnsworthTests.swift; sourceTree = "<group>"; };
		051E68D72DE09FAB002FB538 /* FarnsworthUITests.swift */ = {isa = PBXFileReference; lastKnownFileType = sourcecode.swift; path = FarnsworthUITests.swift; sourceTree = "<group>"; };
		051E68D82DE09FAB002FB538 /* FarnsworthUITestsLaunchTests.swift */ = {isa = PBXFileReference; lastKnownFileType = sourcecode.swift; path = FarnsworthUITestsLaunchTests.swift; sourceTree = "<group>"; };
		051E68DC2DE0A169002FB538 /* ChatView.swift */ = {isa = PBXFileReference; lastKnownFileType = sourcecode.swift; path = ChatView.swift; sourceTree = "<group>"; };
		051E68EF2DE32210002FB538 /* LLMEvaluator.swift */ = {isa = PBXFileReference; lastKnownFileType = sourcecode.swift; path = LLMEvaluator.swift; sourceTree = "<group>"; };
/* End PBXFileReference section */

/* Begin PBXFrameworksBuildPhase section */
		051E689C2DE09F96002FB538 /* Frameworks */ = {
			isa = PBXFrameworksBuildPhase;
			buildActionMask = 2147483647;
			files = (
				051E68EC2DE32086002FB538 /* MLXLLM in Frameworks */,
			);
			runOnlyForDeploymentPostprocessing = 0;
		};
		051E68AB2DE09F97002FB538 /* Frameworks */ = {
			isa = PBXFrameworksBuildPhase;
			buildActionMask = 2147483647;
			files = (
			);
			runOnlyForDeploymentPostprocessing = 0;
		};
		051E68B52DE09F97002FB538 /* Frameworks */ = {
			isa = PBXFrameworksBuildPhase;
			buildActionMask = 2147483647;
			files = (
			);
			runOnlyForDeploymentPostprocessing = 0;
		};
/* End PBXFrameworksBuildPhase section */

/* Begin PBXGroup section */
		051E68962DE09F96002FB538 = {
			isa = PBXGroup;
			children = (
				051E68CF2DE09FA3002FB538 /* Farnsworth */,
				051E68D52DE09FA9002FB538 /* FarnsworthTests */,
				051E68D92DE09FAB002FB538 /* FarnsworthUITests */,
				051E68A02DE09F96002FB538 /* Products */,
			);
			sourceTree = "<group>";
		};
		051E68A02DE09F96002FB538 /* Products */ = {
			isa = PBXGroup;
			children = (
				051E689F2DE09F96002FB538 /* Farnsworth.app */,
				051E68AE2DE09F97002FB538 /* FarnsworthTests.xctest */,
				051E68B82DE09F97002FB538 /* FarnsworthUITests.xctest */,
			);
			name = Products;
			sourceTree = "<group>";
		};
		051E68CF2DE09FA3002FB538 /* Farnsworth */ = {
			isa = PBXGroup;
			children = (
				051E68EF2DE32210002FB538 /* LLMEvaluator.swift */,
				051E68DE2DE0A226002FB538 /* UI */,
				051E68CB2DE09FA3002FB538 /* Assets.xcassets */,
				051E68CD2DE09FA3002FB538 /* FarnsworthApp.swift */,
				051E68CC2DE09FA3002FB538 /* ContentView.swift */,
				051E68CE2DE09FA3002FB538 /* Item.swift */,
			);
			path = Farnsworth;
			sourceTree = "<group>";
		};
		051E68D52DE09FA9002FB538 /* FarnsworthTests */ = {
			isa = PBXGroup;
			children = (
				051E68D42DE09FA9002FB538 /* FarnsworthTests.swift */,
			);
			path = FarnsworthTests;
			sourceTree = "<group>";
		};
		051E68D92DE09FAB002FB538 /* FarnsworthUITests */ = {
			isa = PBXGroup;
			children = (
				051E68D72DE09FAB002FB538 /* FarnsworthUITests.swift */,
				051E68D82DE09FAB002FB538 /* FarnsworthUITestsLaunchTests.swift */,
			);
			path = FarnsworthUITests;
			sourceTree = "<group>";
		};
		051E68DE2DE0A226002FB538 /* UI */ = {
			isa = PBXGroup;
			children = (
				051E68DC2DE0A169002FB538 /* ChatView.swift */,
			);
			path = UI;
			sourceTree = "<group>";
		};
/* End PBXGroup section */

/* Begin PBXNativeTarget section */
		051E689E2DE09F96002FB538 /* Farnsworth */ = {
			isa = PBXNativeTarget;
			buildConfigurationList = 051E68C22DE09F97002FB538 /* Build configuration list for PBXNativeTarget "Farnsworth" */;
			buildPhases = (
				051E689B2DE09F96002FB538 /* Sources */,
				051E689C2DE09F96002FB538 /* Frameworks */,
				051E689D2DE09F96002FB538 /* Resources */,
			);
			buildRules = (
			);
			dependencies = (
			);
			name = Farnsworth;
			packageProductDependencies = (
				051E68EB2DE32086002FB538 /* MLXLLM */,
			);
			productName = Farnsworth;
			productReference = 051E689F2DE09F96002FB538 /* Farnsworth.app */;
			productType = "com.apple.product-type.application";
		};
		051E68AD2DE09F97002FB538 /* FarnsworthTests */ = {
			isa = PBXNativeTarget;
			buildConfigurationList = 051E68C52DE09F97002FB538 /* Build configuration list for PBXNativeTarget "FarnsworthTests" */;
			buildPhases = (
				051E68AA2DE09F97002FB538 /* Sources */,
				051E68AB2DE09F97002FB538 /* Frameworks */,
				051E68AC2DE09F97002FB538 /* Resources */,
			);
			buildRules = (
			);
			dependencies = (
				051E68B02DE09F97002FB538 /* PBXTargetDependency */,
			);
			name = FarnsworthTests;
			packageProductDependencies = (
			);
			productName = FarnsworthTests;
			productReference = 051E68AE2DE09F97002FB538 /* FarnsworthTests.xctest */;
			productType = "com.apple.product-type.bundle.unit-test";
		};
		051E68B72DE09F97002FB538 /* FarnsworthUITests */ = {
			isa = PBXNativeTarget;
			buildConfigurationList = 051E68C82DE09F97002FB538 /* Build configuration list for PBXNativeTarget "FarnsworthUITests" */;
			buildPhases = (
				051E68B42DE09F97002FB538 /* Sources */,
				051E68B52DE09F97002FB538 /* Frameworks */,
				051E68B62DE09F97002FB538 /* Resources */,
			);
			buildRules = (
			);
			dependencies = (
				051E68BA2DE09F97002FB538 /* PBXTargetDependency */,
			);
			name = FarnsworthUITests;
			packageProductDependencies = (
			);
			productName = FarnsworthUITests;
			productReference = 051E68B82DE09F97002FB538 /* FarnsworthUITests.xctest */;
			productType = "com.apple.product-type.bundle.ui-testing";
		};
/* End PBXNativeTarget section */

/* Begin PBXProject section */
		051E68972DE09F96002FB538 /* Project object */ = {
			isa = PBXProject;
			attributes = {
				BuildIndependentTargetsInParallel = 1;
				LastSwiftUpdateCheck = 1630;
				LastUpgradeCheck = 1630;
				TargetAttributes = {
					051E689E2DE09F96002FB538 = {
						CreatedOnToolsVersion = 16.3;
					};
					051E68AD2DE09F97002FB538 = {
						CreatedOnToolsVersion = 16.3;
						TestTargetID = 051E689E2DE09F96002FB538;
					};
					051E68B72DE09F97002FB538 = {
						CreatedOnToolsVersion = 16.3;
						TestTargetID = 051E689E2DE09F96002FB538;
					};
				};
			};
			buildConfigurationList = 051E689A2DE09F96002FB538 /* Build configuration list for PBXProject "Farnsworth" */;
			developmentRegion = en;
			hasScannedForEncodings = 0;
			knownRegions = (
				en,
				Base,
			);
			mainGroup = 051E68962DE09F96002FB538;
			minimizedProjectReferenceProxies = 1;
			packageReferences = (
				051E68EA2DE32086002FB538 /* XCRemoteSwiftPackageReference "mlx-swift-examples" */,
			);
			preferredProjectObjectVersion = 77;
			productRefGroup = 051E68A02DE09F96002FB538 /* Products */;
			projectDirPath = "";
			projectRoot = "";
			targets = (
				051E689E2DE09F96002FB538 /* Farnsworth */,
				051E68AD2DE09F97002FB538 /* FarnsworthTests */,
				051E68B72DE09F97002FB538 /* FarnsworthUITests */,
			);
		};
/* End PBXProject section */

/* Begin PBXResourcesBuildPhase section */
		051E689D2DE09F96002FB538 /* Resources */ = {
			isa = PBXResourcesBuildPhase;
			buildActionMask = 2147483647;
			files = (
				051E68D32DE09FA3002FB538 /* Assets.xcassets in Resources */,
			);
			runOnlyForDeploymentPostprocessing = 0;
		};
		051E68AC2DE09F97002FB538 /* Resources */ = {
			isa = PBXResourcesBuildPhase;
			buildActionMask = 2147483647;
			files = (
			);
			runOnlyForDeploymentPostprocessing = 0;
		};
		051E68B62DE09F97002FB538 /* Resources */ = {
			isa = PBXResourcesBuildPhase;
			buildActionMask = 2147483647;
			files = (
			);
			runOnlyForDeploymentPostprocessing = 0;
		};
/* End PBXResourcesBuildPhase section */

/* Begin PBXSourcesBuildPhase section */
		051E689B2DE09F96002FB538 /* Sources */ = {
			isa = PBXSourcesBuildPhase;
			buildActionMask = 2147483647;
			files = (
				051E68DD2DE0A169002FB538 /* ChatView.swift in Sources */,
				051E68D02DE09FA3002FB538 /* ContentView.swift in Sources */,
				051E68D12DE09FA3002FB538 /* FarnsworthApp.swift in Sources */,
				051E68D22DE09FA3002FB538 /* Item.swift in Sources */,
				051E68F02DE32210002FB538 /* LLMEvaluator.swift in Sources */,
			);
			runOnlyForDeploymentPostprocessing = 0;
		};
		051E68AA2DE09F97002FB538 /* Sources */ = {
			isa = PBXSourcesBuildPhase;
			buildActionMask = 2147483647;
			files = (
				051E68D62DE09FA9002FB538 /* FarnsworthTests.swift in Sources */,
			);
			runOnlyForDeploymentPostprocessing = 0;
		};
		051E68B42DE09F97002FB538 /* Sources */ = {
			isa = PBXSourcesBuildPhase;
			buildActionMask = 2147483647;
			files = (
				051E68DA2DE09FAB002FB538 /* FarnsworthUITests.swift in Sources */,
				051E68DB2DE09FAB002FB538 /* FarnsworthUITestsLaunchTests.swift in Sources */,
			);
			runOnlyForDeploymentPostprocessing = 0;
		};
/* End PBXSourcesBuildPhase section */

/* Begin PBXTargetDependency section */
		051E68B02DE09F97002FB538 /* PBXTargetDependency */ = {
			isa = PBXTargetDependency;
			target = 051E689E2DE09F96002FB538 /* Farnsworth */;
			targetProxy = 051E68AF2DE09F97002FB538 /* PBXContainerItemProxy */;
		};
		051E68BA2DE09F97002FB538 /* PBXTargetDependency */ = {
			isa = PBXTargetDependency;
			target = 051E689E2DE09F96002FB538 /* Farnsworth */;
			targetProxy = 051E68B92DE09F97002FB538 /* PBXContainerItemProxy */;
		};
/* End PBXTargetDependency section */

/* Begin XCBuildConfiguration section */
		051E68C02DE09F97002FB538 /* Debug */ = {
			isa = XCBuildConfiguration;
			buildSettings = {
				ALWAYS_SEARCH_USER_PATHS = NO;
				ASSETCATALOG_COMPILER_GENERATE_SWIFT_ASSET_SYMBOL_EXTENSIONS = YES;
				CLANG_ANALYZER_NONNULL = YES;
				CLANG_ANALYZER_NUMBER_OBJECT_CONVERSION = YES_AGGRESSIVE;
				CLANG_CXX_LANGUAGE_STANDARD = "gnu++20";
				CLANG_ENABLE_MODULES = YES;
				CLANG_ENABLE_OBJC_ARC = YES;
				CLANG_ENABLE_OBJC_WEAK = YES;
				CLANG_WARN_BLOCK_CAPTURE_AUTORELEASING = YES;
				CLANG_WARN_BOOL_CONVERSION = YES;
				CLANG_WARN_COMMA = YES;
				CLANG_WARN_CONSTANT_CONVERSION = YES;
				CLANG_WARN_DEPRECATED_OBJC_IMPLEMENTATIONS = YES;
				CLANG_WARN_DIRECT_OBJC_ISA_USAGE = YES_ERROR;
				CLANG_WARN_DOCUMENTATION_COMMENTS = YES;
				CLANG_WARN_EMPTY_BODY = YES;
				CLANG_WARN_ENUM_CONVERSION = YES;
				CLANG_WARN_INFINITE_RECURSION = YES;
				CLANG_WARN_INT_CONVERSION = YES;
				CLANG_WARN_NON_LITERAL_NULL_CONVERSION = YES;
				CLANG_WARN_OBJC_IMPLICIT_RETAIN_SELF = YES;
				CLANG_WARN_OBJC_LITERAL_CONVERSION = YES;
				CLANG_WARN_OBJC_ROOT_CLASS = YES_ERROR;
				CLANG_WARN_QUOTED_INCLUDE_IN_FRAMEWORK_HEADER = YES;
				CLANG_WARN_RANGE_LOOP_ANALYSIS = YES;
				CLANG_WARN_STRICT_PROTOTYPES = YES;
				CLANG_WARN_SUSPICIOUS_MOVE = YES;
				CLANG_WARN_UNGUARDED_AVAILABILITY = YES_AGGRESSIVE;
				CLANG_WARN_UNREACHABLE_CODE = YES;
				CLANG_WARN__DUPLICATE_METHOD_MATCH = YES;
				COPY_PHASE_STRIP = NO;
				DEBUG_INFORMATION_FORMAT = dwarf;
				ENABLE_STRICT_OBJC_MSGSEND = YES;
				ENABLE_TESTABILITY = YES;
				ENABLE_USER_SCRIPT_SANDBOXING = YES;
				GCC_C_LANGUAGE_STANDARD = gnu17;
				GCC_DYNAMIC_NO_PIC = NO;
				GCC_NO_COMMON_BLOCKS = YES;
				GCC_OPTIMIZATION_LEVEL = 0;
				GCC_PREPROCESSOR_DEFINITIONS = (
					"DEBUG=1",
					"$(inherited)",
				);
				GCC_WARN_64_TO_32_BIT_CONVERSION = YES;
				GCC_WARN_ABOUT_RETURN_TYPE = YES_ERROR;
				GCC_WARN_UNDECLARED_SELECTOR = YES;
				GCC_WARN_UNINITIALIZED_AUTOS = YES_AGGRESSIVE;
				GCC_WARN_UNUSED_FUNCTION = YES;
				GCC_WARN_UNUSED_VARIABLE = YES;
				IPHONEOS_DEPLOYMENT_TARGET = 18.4;
				LOCALIZATION_PREFERS_STRING_CATALOGS = YES;
				MTL_ENABLE_DEBUG_INFO = INCLUDE_SOURCE;
				MTL_FAST_MATH = YES;
				ONLY_ACTIVE_ARCH = YES;
				SDKROOT = iphoneos;
				SWIFT_ACTIVE_COMPILATION_CONDITIONS = "DEBUG $(inherited)";
				SWIFT_OPTIMIZATION_LEVEL = "-Onone";
			};
			name = Debug;
		};
		051E68C12DE09F97002FB538 /* Release */ = {
			isa = XCBuildConfiguration;
			buildSettings = {
				ALWAYS_SEARCH_USER_PATHS = NO;
				ASSETCATALOG_COMPILER_GENERATE_SWIFT_ASSET_SYMBOL_EXTENSIONS = YES;
				CLANG_ANALYZER_NONNULL = YES;
				CLANG_ANALYZER_NUMBER_OBJECT_CONVERSION = YES_AGGRESSIVE;
				CLANG_CXX_LANGUAGE_STANDARD = "gnu++20";
				CLANG_ENABLE_MODULES = YES;
				CLANG_ENABLE_OBJC_ARC = YES;
				CLANG_ENABLE_OBJC_WEAK = YES;
				CLANG_WARN_BLOCK_CAPTURE_AUTORELEASING = YES;
				CLANG_WARN_BOOL_CONVERSION = YES;
				CLANG_WARN_COMMA = YES;
				CLANG_WARN_CONSTANT_CONVERSION = YES;
				CLANG_WARN_DEPRECATED_OBJC_IMPLEMENTATIONS = YES;
				CLANG_WARN_DIRECT_OBJC_ISA_USAGE = YES_ERROR;
				CLANG_WARN_DOCUMENTATION_COMMENTS = YES;
				CLANG_WARN_EMPTY_BODY = YES;
				CLANG_WARN_ENUM_CONVERSION = YES;
				CLANG_WARN_INFINITE_RECURSION = YES;
				CLANG_WARN_INT_CONVERSION = YES;
				CLANG_WARN_NON_LITERAL_NULL_CONVERSION = YES;
				CLANG_WARN_OBJC_IMPLICIT_RETAIN_SELF = YES;
				CLANG_WARN_OBJC_LITERAL_CONVERSION = YES;
				CLANG_WARN_OBJC_ROOT_CLASS = YES_ERROR;
				CLANG_WARN_QUOTED_INCLUDE_IN_FRAMEWORK_HEADER = YES;
				CLANG_WARN_RANGE_LOOP_ANALYSIS = YES;
				CLANG_WARN_STRICT_PROTOTYPES = YES;
				CLANG_WARN_SUSPICIOUS_MOVE = YES;
				CLANG_WARN_UNGUARDED_AVAILABILITY = YES_AGGRESSIVE;
				CLANG_WARN_UNREACHABLE_CODE = YES;
				CLANG_WARN__DUPLICATE_METHOD_MATCH = YES;
				COPY_PHASE_STRIP = NO;
				DEBUG_INFORMATION_FORMAT = "dwarf-with-dsym";
				ENABLE_NS_ASSERTIONS = NO;
				ENABLE_STRICT_OBJC_MSGSEND = YES;
				ENABLE_USER_SCRIPT_SANDBOXING = YES;
				GCC_C_LANGUAGE_STANDARD = gnu17;
				GCC_NO_COMMON_BLOCKS = YES;
				GCC_WARN_64_TO_32_BIT_CONVERSION = YES;
				GCC_WARN_ABOUT_RETURN_TYPE = YES_ERROR;
				GCC_WARN_UNDECLARED_SELECTOR = YES;
				GCC_WARN_UNINITIALIZED_AUTOS = YES_AGGRESSIVE;
				GCC_WARN_UNUSED_FUNCTION = YES;
				GCC_WARN_UNUSED_VARIABLE = YES;
				IPHONEOS_DEPLOYMENT_TARGET = 18.4;
				LOCALIZATION_PREFERS_STRING_CATALOGS = YES;
				MTL_ENABLE_DEBUG_INFO = NO;
				MTL_FAST_MATH = YES;
				SDKROOT = iphoneos;
				SWIFT_COMPILATION_MODE = wholemodule;
				VALIDATE_PRODUCT = YES;
			};
			name = Release;
		};
		051E68C32DE09F97002FB538 /* Debug */ = {
			isa = XCBuildConfiguration;
			buildSettings = {
				ASSETCATALOG_COMPILER_APPICON_NAME = AppIcon;
				ASSETCATALOG_COMPILER_GLOBAL_ACCENT_COLOR_NAME = AccentColor;
				CODE_SIGN_STYLE = Automatic;
				CURRENT_PROJECT_VERSION = 1;
				DEVELOPMENT_TEAM = K62H5CQC64;
				ENABLE_PREVIEWS = YES;
				GENERATE_INFOPLIST_FILE = YES;
				INFOPLIST_KEY_UIApplicationSceneManifest_Generation = YES;
				INFOPLIST_KEY_UIApplicationSupportsIndirectInputEvents = YES;
				INFOPLIST_KEY_UILaunchScreen_Generation = YES;
				INFOPLIST_KEY_UISupportedInterfaceOrientations_iPad = "UIInterfaceOrientationPortrait UIInterfaceOrientationPortraitUpsideDown UIInterfaceOrientationLandscapeLeft UIInterfaceOrientationLandscapeRight";
				INFOPLIST_KEY_UISupportedInterfaceOrientations_iPhone = "UIInterfaceOrientationPortrait UIInterfaceOrientationLandscapeLeft UIInterfaceOrientationLandscapeRight";
				LD_RUNPATH_SEARCH_PATHS = (
					"$(inherited)",
					"@executable_path/Frameworks",
				);
				MARKETING_VERSION = 1.0;
				PRODUCT_BUNDLE_IDENTIFIER = greeneyes.Farnsworth;
				PRODUCT_NAME = "$(TARGET_NAME)";
				SWIFT_EMIT_LOC_STRINGS = YES;
				SWIFT_VERSION = 5.0;
				TARGETED_DEVICE_FAMILY = "1,2";
			};
			name = Debug;
		};
		051E68C42DE09F97002FB538 /* Release */ = {
			isa = XCBuildConfiguration;
			buildSettings = {
				ASSETCATALOG_COMPILER_APPICON_NAME = AppIcon;
				ASSETCATALOG_COMPILER_GLOBAL_ACCENT_COLOR_NAME = AccentColor;
				CODE_SIGN_STYLE = Automatic;
				CURRENT_PROJECT_VERSION = 1;
				DEVELOPMENT_TEAM = K62H5CQC64;
				ENABLE_PREVIEWS = YES;
				GENERATE_INFOPLIST_FILE = YES;
				INFOPLIST_KEY_UIApplicationSceneManifest_Generation = YES;
				INFOPLIST_KEY_UIApplicationSupportsIndirectInputEvents = YES;
				INFOPLIST_KEY_UILaunchScreen_Generation = YES;
				INFOPLIST_KEY_UISupportedInterfaceOrientations_iPad = "UIInterfaceOrientationPortrait UIInterfaceOrientationPortraitUpsideDown UIInterfaceOrientationLandscapeLeft UIInterfaceOrientationLandscapeRight";
				INFOPLIST_KEY_UISupportedInterfaceOrientations_iPhone = "UIInterfaceOrientationPortrait UIInterfaceOrientationLandscapeLeft UIInterfaceOrientationLandscapeRight";
				LD_RUNPATH_SEARCH_PATHS = (
					"$(inherited)",
					"@executable_path/Frameworks",
				);
				MARKETING_VERSION = 1.0;
				PRODUCT_BUNDLE_IDENTIFIER = greeneyes.Farnsworth;
				PRODUCT_NAME = "$(TARGET_NAME)";
				SWIFT_EMIT_LOC_STRINGS = YES;
				SWIFT_VERSION = 5.0;
				TARGETED_DEVICE_FAMILY = "1,2";
			};
			name = Release;
		};
		051E68C62DE09F97002FB538 /* Debug */ = {
			isa = XCBuildConfiguration;
			buildSettings = {
				BUNDLE_LOADER = "$(TEST_HOST)";
				CODE_SIGN_STYLE = Automatic;
				CURRENT_PROJECT_VERSION = 1;
				GENERATE_INFOPLIST_FILE = YES;
				IPHONEOS_DEPLOYMENT_TARGET = 18.4;
				MARKETING_VERSION = 1.0;
				PRODUCT_BUNDLE_IDENTIFIER = greeneyes.FarnsworthTests;
				PRODUCT_NAME = "$(TARGET_NAME)";
				SWIFT_EMIT_LOC_STRINGS = NO;
				SWIFT_VERSION = 5.0;
				TARGETED_DEVICE_FAMILY = "1,2";
				TEST_HOST = "$(BUILT_PRODUCTS_DIR)/Farnsworth.app/$(BUNDLE_EXECUTABLE_FOLDER_PATH)/Farnsworth";
			};
			name = Debug;
		};
		051E68C72DE09F97002FB538 /* Release */ = {
			isa = XCBuildConfiguration;
			buildSettings = {
				BUNDLE_LOADER = "$(TEST_HOST)";
				CODE_SIGN_STYLE = Automatic;
				CURRENT_PROJECT_VERSION = 1;
				GENERATE_INFOPLIST_FILE = YES;
				IPHONEOS_DEPLOYMENT_TARGET = 18.4;
				MARKETING_VERSION = 1.0;
				PRODUCT_BUNDLE_IDENTIFIER = greeneyes.FarnsworthTests;
				PRODUCT_NAME = "$(TARGET_NAME)";
				SWIFT_EMIT_LOC_STRINGS = NO;
				SWIFT_VERSION = 5.0;
				TARGETED_DEVICE_FAMILY = "1,2";
				TEST_HOST = "$(BUILT_PRODUCTS_DIR)/Farnsworth.app/$(BUNDLE_EXECUTABLE_FOLDER_PATH)/Farnsworth";
			};
			name = Release;
		};
		051E68C92DE09F97002FB538 /* Debug */ = {
			isa = XCBuildConfiguration;
			buildSettings = {
				CODE_SIGN_STYLE = Automatic;
				CURRENT_PROJECT_VERSION = 1;
				GENERATE_INFOPLIST_FILE = YES;
				MARKETING_VERSION = 1.0;
				PRODUCT_BUNDLE_IDENTIFIER = greeneyes.FarnsworthUITests;
				PRODUCT_NAME = "$(TARGET_NAME)";
				SWIFT_EMIT_LOC_STRINGS = NO;
				SWIFT_VERSION = 5.0;
				TARGETED_DEVICE_FAMILY = "1,2";
				TEST_TARGET_NAME = Farnsworth;
			};
			name = Debug;
		};
		051E68CA2DE09F97002FB538 /* Release */ = {
			isa = XCBuildConfiguration;
			buildSettings = {
				CODE_SIGN_STYLE = Automatic;
				CURRENT_PROJECT_VERSION = 1;
				GENERATE_INFOPLIST_FILE = YES;
				MARKETING_VERSION = 1.0;
				PRODUCT_BUNDLE_IDENTIFIER = greeneyes.FarnsworthUITests;
				PRODUCT_NAME = "$(TARGET_NAME)";
				SWIFT_EMIT_LOC_STRINGS = NO;
				SWIFT_VERSION = 5.0;
				TARGETED_DEVICE_FAMILY = "1,2";
				TEST_TARGET_NAME = Farnsworth;
			};
			name = Release;
		};
/* End XCBuildConfiguration section */

/* Begin XCConfigurationList section */
		051E689A2DE09F96002FB538 /* Build configuration list for PBXProject "Farnsworth" */ = {
			isa = XCConfigurationList;
			buildConfigurations = (
				051E68C02DE09F97002FB538 /* Debug */,
				051E68C12DE09F97002FB538 /* Release */,
			);
			defaultConfigurationIsVisible = 0;
			defaultConfigurationName = Release;
		};
		051E68C22DE09F97002FB538 /* Build configuration list for PBXNativeTarget "Farnsworth" */ = {
			isa = XCConfigurationList;
			buildConfigurations = (
				051E68C32DE09F97002FB538 /* Debug */,
				051E68C42DE09F97002FB538 /* Release */,
			);
			defaultConfigurationIsVisible = 0;
			defaultConfigurationName = Release;
		};
		051E68C52DE09F97002FB538 /* Build configuration list for PBXNativeTarget "FarnsworthTests" */ = {
			isa = XCConfigurationList;
			buildConfigurations = (
				051E68C62DE09F97002FB538 /* Debug */,
				051E68C72DE09F97002FB538 /* Release */,
			);
			defaultConfigurationIsVisible = 0;
			defaultConfigurationName = Release;
		};
		051E68C82DE09F97002FB538 /* Build configuration list for PBXNativeTarget "FarnsworthUITests" */ = {
			isa = XCConfigurationList;
			buildConfigurations = (
				051E68C92DE09F97002FB538 /* Debug */,
				051E68CA2DE09F97002FB538 /* Release */,
			);
			defaultConfigurationIsVisible = 0;
			defaultConfigurationName = Release;
		};
/* End XCConfigurationList section */

/* Begin XCRemoteSwiftPackageReference section */
		051E68EA2DE32086002FB538 /* XCRemoteSwiftPackageReference "mlx-swift-examples" */ = {
			isa = XCRemoteSwiftPackageReference;
			repositoryURL = "https://github.com/ml-explore/mlx-swift-examples/";
			requirement = {
				branch = main;
				kind = branch;
			};
		};
/* End XCRemoteSwiftPackageReference section */

/* Begin XCSwiftPackageProductDependency section */
		051E68EB2DE32086002FB538 /* MLXLLM */ = {
			isa = XCSwiftPackageProductDependency;
			package = 051E68EA2DE32086002FB538 /* XCRemoteSwiftPackageReference "mlx-swift-examples" */;
			productName = MLXLLM;
		};
/* End XCSwiftPackageProductDependency section */
	};
	rootObject = 051E68972DE09F96002FB538 /* Project object */;
}
